
Microsoft Visual Studio Solution File, Format Version 12.00
# Visual Studio 2012
Project("{FAE04EC0-301F-11D3-BF4B-00C04F79EFBC}") = "NCldrBuilder", "NCldrBuilder\NCldrBuilder.csproj", "{EF372F8E-FAB5-4B70-9132-3BEA580D0F90}"
EndProject
Project("{FAE04EC0-301F-11D3-BF4B-00C04F79EFBC}") = "NCldrBuilderCmd", "NCldrBuilderCmd\NCldrBuilderCmd.csproj", "{0792EBE8-6B8B-4FE5-9CF9-B8CE1BD4A3F7}"
EndProject
Project("{FAE04EC0-301F-11D3-BF4B-00C04F79EFBC}") = "NCldr", "NCldr\NCldr.csproj", "{5FF26CFA-910C-43CB-A758-D20BF99EFDEC}"
EndProject
Project("{FAE04EC0-301F-11D3-BF4B-00C04F79EFBC}") = "NCldrExplorer", "NCldrExplorer\NCldrExplorer.csproj", "{C898F6EC-A8DA-4EC1-9D0C-A323DFE00A12}"
EndProject
Project("{FAE04EC0-301F-11D3-BF4B-00C04F79EFBC}") = "NCldrExtensions", "NCldrExtensions\NCldrExtensions.csproj", "{3C5605C9-A450-48ED-B988-AC77AC486EA0}"
EndProject
Project("{FAE04EC0-301F-11D3-BF4B-00C04F79EFBC}") = "NCldrBuilderGui", "NCldrBuilderGui\NCldrBuilderGui.csproj", "{7FF2E37F-D50B-4245-9D7D-6D5C3793A156}"
EndProject
Project("{FAE04EC0-301F-11D3-BF4B-00C04F79EFBC}") = "UnregisterCustomCultures", "UnregisterCustomCultures\UnregisterCustomCultures.csproj", "{4E3A75F4-FD4B-46A4-8992-B4831DCE603E}"
EndProject
Project("{FAE04EC0-301F-11D3-BF4B-00C04F79EFBC}") = "CultureViewer", "CultureViewer\CultureViewer.csproj", "{2D0F12F3-6FA8-404C-891A-1F285B14858D}"
EndProject
Project("{FAE04EC0-301F-11D3-BF4B-00C04F79EFBC}") = "ConsoleTest", "ConsoleTest\ConsoleTest.csproj", "{4980DBAA-A7CC-4D48-8F36-CE102949FBF7}"
EndProject
Project("{FAE04EC0-301F-11D3-BF4B-00C04F79EFBC}") = "NCldr.Phone", "NCldr.Phone\NCldr.Phone.csproj", "{B415AC94-5247-40BC-AF66-9E5A07BE8931}"
EndProject
Project("{FAE04EC0-301F-11D3-BF4B-00C04F79EFBC}") = "PhoneSample", "PhoneSample\PhoneSample.csproj", "{4BEF6ED4-1A3D-4142-BFC2-A206D0412A1E}"
EndProject
Global
	GlobalSection(SolutionConfigurationPlatforms) = preSolution
		Debug|Any CPU = Debug|Any CPU
		Debug|ARM = Debug|ARM
		Debug|x86 = Debug|x86
		Release|Any CPU = Release|Any CPU
		Release|ARM = Release|ARM
		Release|x86 = Release|x86
	EndGlobalSection
	GlobalSection(ProjectConfigurationPlatforms) = postSolution
		{EF372F8E-FAB5-4B70-9132-3BEA580D0F90}.Debug|Any CPU.ActiveCfg = Debug|Any CPU
		{EF372F8E-FAB5-4B70-9132-3BEA580D0F90}.Debug|Any CPU.Build.0 = Debug|Any CPU
		{EF372F8E-FAB5-4B70-9132-3BEA580D0F90}.Debug|ARM.ActiveCfg = Debug|Any CPU
		{EF372F8E-FAB5-4B70-9132-3BEA580D0F90}.Debug|x86.ActiveCfg = Debug|Any CPU
		{EF372F8E-FAB5-4B70-9132-3BEA580D0F90}.Release|Any CPU.ActiveCfg = Release|Any CPU
		{EF372F8E-FAB5-4B70-9132-3BEA580D0F90}.Release|Any CPU.Build.0 = Release|Any CPU
		{EF372F8E-FAB5-4B70-9132-3BEA580D0F90}.Release|ARM.ActiveCfg = Release|Any CPU
		{EF372F8E-FAB5-4B70-9132-3BEA580D0F90}.Release|x86.ActiveCfg = Release|Any CPU
		{0792EBE8-6B8B-4FE5-9CF9-B8CE1BD4A3F7}.Debug|Any CPU.ActiveCfg = Debug|Any CPU
		{0792EBE8-6B8B-4FE5-9CF9-B8CE1BD4A3F7}.Debug|Any CPU.Build.0 = Debug|Any CPU
		{0792EBE8-6B8B-4FE5-9CF9-B8CE1BD4A3F7}.Debug|ARM.ActiveCfg = Debug|Any CPU
		{0792EBE8-6B8B-4FE5-9CF9-B8CE1BD4A3F7}.Debug|x86.ActiveCfg = Debug|Any CPU
		{0792EBE8-6B8B-4FE5-9CF9-B8CE1BD4A3F7}.Release|Any CPU.ActiveCfg = Release|Any CPU
		{0792EBE8-6B8B-4FE5-9CF9-B8CE1BD4A3F7}.Release|Any CPU.Build.0 = Release|Any CPU
		{0792EBE8-6B8B-4FE5-9CF9-B8CE1BD4A3F7}.Release|ARM.ActiveCfg = Release|Any CPU
		{0792EBE8-6B8B-4FE5-9CF9-B8CE1BD4A3F7}.Release|x86.ActiveCfg = Release|Any CPU
		{5FF26CFA-910C-43CB-A758-D20BF99EFDEC}.Debug|Any CPU.ActiveCfg = Debug|Any CPU
		{5FF26CFA-910C-43CB-A758-D20BF99EFDEC}.Debug|Any CPU.Build.0 = Debug|Any CPU
		{5FF26CFA-910C-43CB-A758-D20BF99EFDEC}.Debug|ARM.ActiveCfg = Debug|Any CPU
		{5FF26CFA-910C-43CB-A758-D20BF99EFDEC}.Debug|x86.ActiveCfg = Debug|Any CPU
		{5FF26CFA-910C-43CB-A758-D20BF99EFDEC}.Release|Any CPU.ActiveCfg = Release|Any CPU
		{5FF26CFA-910C-43CB-A758-D20BF99EFDEC}.Release|Any CPU.Build.0 = Release|Any CPU
		{5FF26CFA-910C-43CB-A758-D20BF99EFDEC}.Release|ARM.ActiveCfg = Release|Any CPU
		{5FF26CFA-910C-43CB-A758-D20BF99EFDEC}.Release|x86.ActiveCfg = Release|Any CPU
		{C898F6EC-A8DA-4EC1-9D0C-A323DFE00A12}.Debug|Any CPU.ActiveCfg = Debug|Any CPU
		{C898F6EC-A8DA-4EC1-9D0C-A323DFE00A12}.Debug|Any CPU.Build.0 = Debug|Any CPU
		{C898F6EC-A8DA-4EC1-9D0C-A323DFE00A12}.Debug|ARM.ActiveCfg = Debug|Any CPU
		{C898F6EC-A8DA-4EC1-9D0C-A323DFE00A12}.Debug|x86.ActiveCfg = Debug|Any CPU
		{C898F6EC-A8DA-4EC1-9D0C-A323DFE00A12}.Release|Any CPU.ActiveCfg = Release|Any CPU
		{C898F6EC-A8DA-4EC1-9D0C-A323DFE00A12}.Release|Any CPU.Build.0 = Release|Any CPU
		{C898F6EC-A8DA-4EC1-9D0C-A323DFE00A12}.Release|ARM.ActiveCfg = Release|Any CPU
		{C898F6EC-A8DA-4EC1-9D0C-A323DFE00A12}.Release|x86.ActiveCfg = Release|Any CPU
		{3C5605C9-A450-48ED-B988-AC77AC486EA0}.Debug|Any CPU.ActiveCfg = Debug|Any CPU
		{3C5605C9-A450-48ED-B988-AC77AC486EA0}.Debug|Any CPU.Build.0 = Debug|Any CPU
		{3C5605C9-A450-48ED-B988-AC77AC486EA0}.Debug|ARM.ActiveCfg = Debug|Any CPU
		{3C5605C9-A450-48ED-B988-AC77AC486EA0}.Debug|x86.ActiveCfg = Debug|Any CPU
		{3C5605C9-A450-48ED-B988-AC77AC486EA0}.Release|Any CPU.ActiveCfg = Release|Any CPU
		{3C5605C9-A450-48ED-B988-AC77AC486EA0}.Release|Any CPU.Build.0 = Release|Any CPU
		{3C5605C9-A450-48ED-B988-AC77AC486EA0}.Release|ARM.ActiveCfg = Release|Any CPU
		{3C5605C9-A450-48ED-B988-AC77AC486EA0}.Release|x86.ActiveCfg = Release|Any CPU
		{7FF2E37F-D50B-4245-9D7D-6D5C3793A156}.Debug|Any CPU.ActiveCfg = Debug|Any CPU
		{7FF2E37F-D50B-4245-9D7D-6D5C3793A156}.Debug|Any CPU.Build.0 = Debug|Any CPU
		{7FF2E37F-D50B-4245-9D7D-6D5C3793A156}.Debug|ARM.ActiveCfg = Debug|Any CPU
		{7FF2E37F-D50B-4245-9D7D-6D5C3793A156}.Debug|x86.ActiveCfg = Debug|Any CPU
		{7FF2E37F-D50B-4245-9D7D-6D5C3793A156}.Release|Any CPU.ActiveCfg = Release|Any CPU
		{7FF2E37F-D50B-4245-9D7D-6D5C3793A156}.Release|Any CPU.Build.0 = Release|Any CPU
		{7FF2E37F-D50B-4245-9D7D-6D5C3793A156}.Release|ARM.ActiveCfg = Release|Any CPU
		{7FF2E37F-D50B-4245-9D7D-6D5C3793A156}.Release|x86.ActiveCfg = Release|Any CPU
		{4E3A75F4-FD4B-46A4-8992-B4831DCE603E}.Debug|Any CPU.ActiveCfg = Debug|Any CPU
		{4E3A75F4-FD4B-46A4-8992-B4831DCE603E}.Debug|Any CPU.Build.0 = Debug|Any CPU
		{4E3A75F4-FD4B-46A4-8992-B4831DCE603E}.Debug|ARM.ActiveCfg = Debug|Any CPU
		{4E3A75F4-FD4B-46A4-8992-B4831DCE603E}.Debug|x86.ActiveCfg = Debug|Any CPU
		{4E3A75F4-FD4B-46A4-8992-B4831DCE603E}.Release|Any CPU.ActiveCfg = Release|Any CPU
		{4E3A75F4-FD4B-46A4-8992-B4831DCE603E}.Release|Any CPU.Build.0 = Release|Any CPU
		{4E3A75F4-FD4B-46A4-8992-B4831DCE603E}.Release|ARM.ActiveCfg = Release|Any CPU
		{4E3A75F4-FD4B-46A4-8992-B4831DCE603E}.Release|x86.ActiveCfg = Release|Any CPU
		{2D0F12F3-6FA8-404C-891A-1F285B14858D}.Debug|Any CPU.ActiveCfg = Debug|Any CPU
		{2D0F12F3-6FA8-404C-891A-1F285B14858D}.Debug|Any CPU.Build.0 = Debug|Any CPU
		{2D0F12F3-6FA8-404C-891A-1F285B14858D}.Debug|ARM.ActiveCfg = Debug|Any CPU
		{2D0F12F3-6FA8-404C-891A-1F285B14858D}.Debug|x86.ActiveCfg = Debug|Any CPU
		{2D0F12F3-6FA8-404C-891A-1F285B14858D}.Release|Any CPU.ActiveCfg = Release|Any CPU
		{2D0F12F3-6FA8-404C-891A-1F285B14858D}.Release|Any CPU.Build.0 = Release|Any CPU
		{2D0F12F3-6FA8-404C-891A-1F285B14858D}.Release|ARM.ActiveCfg = Release|Any CPU
		{2D0F12F3-6FA8-404C-891A-1F285B14858D}.Release|x86.ActiveCfg = Release|Any CPU
		{4980DBAA-A7CC-4D48-8F36-CE102949FBF7}.Debug|Any CPU.ActiveCfg = Debug|Any CPU
		{4980DBAA-A7CC-4D48-8F36-CE102949FBF7}.Debug|Any CPU.Build.0 = Debug|Any CPU
		{4980DBAA-A7CC-4D48-8F36-CE102949FBF7}.Debug|ARM.ActiveCfg = Debug|Any CPU
		{4980DBAA-A7CC-4D48-8F36-CE102949FBF7}.Debug|x86.ActiveCfg = Debug|Any CPU
		{4980DBAA-A7CC-4D48-8F36-CE102949FBF7}.Release|Any CPU.ActiveCfg = Release|Any CPU
		{4980DBAA-A7CC-4D48-8F36-CE102949FBF7}.Release|Any CPU.Build.0 = Release|Any CPU
		{4980DBAA-A7CC-4D48-8F36-CE102949FBF7}.Release|ARM.ActiveCfg = Release|Any CPU
		{4980DBAA-A7CC-4D48-8F36-CE102949FBF7}.Release|x86.ActiveCfg = Release|Any CPU
		{B415AC94-5247-40BC-AF66-9E5A07BE8931}.Debug|Any CPU.ActiveCfg = Debug|Any CPU
		{B415AC94-5247-40BC-AF66-9E5A07BE8931}.Debug|Any CPU.Build.0 = Debug|Any CPU
		{B415AC94-5247-40BC-AF66-9E5A07BE8931}.Debug|ARM.ActiveCfg = Debug|ARM
		{B415AC94-5247-40BC-AF66-9E5A07BE8931}.Debug|ARM.Build.0 = Debug|ARM
		{B415AC94-5247-40BC-AF66-9E5A07BE8931}.Debug|x86.ActiveCfg = Debug|x86
		{B415AC94-5247-40BC-AF66-9E5A07BE8931}.Debug|x86.Build.0 = Debug|x86
		{B415AC94-5247-40BC-AF66-9E5A07BE8931}.Release|Any CPU.ActiveCfg = Release|Any CPU
		{B415AC94-5247-40BC-AF66-9E5A07BE8931}.Release|Any CPU.Build.0 = Release|Any CPU
		{B415AC94-5247-40BC-AF66-9E5A07BE8931}.Release|ARM.ActiveCfg = Release|ARM
		{B415AC94-5247-40BC-AF66-9E5A07BE8931}.Release|ARM.Build.0 = Release|ARM
		{B415AC94-5247-40BC-AF66-9E5A07BE8931}.Release|x86.ActiveCfg = Release|x86
		{B415AC94-5247-40BC-AF66-9E5A07BE8931}.Release|x86.Build.0 = Release|x86
		{4BEF6ED4-1A3D-4142-BFC2-A206D0412A1E}.Debug|Any CPU.ActiveCfg = Debug|Any CPU
		{4BEF6ED4-1A3D-4142-BFC2-A206D0412A1E}.Debug|Any CPU.Build.0 = Debug|Any CPU
		{4BEF6ED4-1A3D-4142-BFC2-A206D0412A1E}.Debug|Any CPU.Deploy.0 = Debug|Any CPU
		{4BEF6ED4-1A3D-4142-BFC2-A206D0412A1E}.Debug|ARM.ActiveCfg = Debug|Any CPU
		{4BEF6ED4-1A3D-4142-BFC2-A206D0412A1E}.Debug|x86.ActiveCfg = Debug|Any CPU
		{4BEF6ED4-1A3D-4142-BFC2-A206D0412A1E}.Release|Any CPU.ActiveCfg = Release|Any CPU
		{4BEF6ED4-1A3D-4142-BFC2-A206D0412A1E}.Release|Any CPU.Build.0 = Release|Any CPU
		{4BEF6ED4-1A3D-4142-BFC2-A206D0412A1E}.Release|Any CPU.Deploy.0 = Release|Any CPU
		{4BEF6ED4-1A3D-4142-BFC2-A206D0412A1E}.Release|ARM.ActiveCfg = Release|Any CPU
		{4BEF6ED4-1A3D-4142-BFC2-A206D0412A1E}.Release|x86.ActiveCfg = Release|Any CPU
	EndGlobalSection
	GlobalSection(SolutionProperties) = preSolution
		HideSolutionNode = FALSE
	EndGlobalSection
EndGlobal
